
Microsoft Visual Studio Solution File, Format Version 12.00
# Visual Studio Version 16
VisualStudioVersion = 16.0.31702.278
MinimumVisualStudioVersion = 10.0.40219.1
Project("{FAE04EC0-301F-11D3-BF4B-00C04F79EFBC}") = "CoralOSConfigurator", "CoralOSConfigurator\CoralOSConfigurator.csproj", "{54E0112F-C0A6-442B-94D9-62DB71E9963E}"
EndProject
Global
	GlobalSection(SolutionConfigurationPlatforms) = preSolution
		Debug|Any CPU = Debug|Any CPU
		Release|Any CPU = Release|Any CPU
	EndGlobalSection
	GlobalSection(ProjectConfigurationPlatforms) = postSolution
		{54E0112F-C0A6-442B-94D9-62DB71E9963E}.Debug|Any CPU.ActiveCfg = Debug|Any CPU
		{54E0112F-C0A6-442B-94D9-62DB71E9963E}.Debug|Any CPU.Build.0 = Debug|Any CPU
		{54E0112F-C0A6-442B-94D9-62DB71E9963E}.Release|Any CPU.ActiveCfg = Release|Any CPU
		{54E0112F-C0A6-442B-94D9-62DB71E9963E}.Release|Any CPU.Build.0 = Release|Any CPU
	EndGlobalSection
	GlobalSection(SolutionProperties) = preSolution
		HideSolutionNode = FALSE
	EndGlobalSection
	GlobalSection(ExtensibilityGlobals) = postSolution
		SolutionGuid = {436BB168-3A1C-457E-A51C-33A67A033308}
	EndGlobalSection
EndGlobal
